
Microsoft Visual Studio Solution File, Format Version 11.00
# Visual C++ Express 2010
Project("{8BC9CEB8-8B4A-11D0-8D11-00A0C91BC942}") = "ReverseXdw", "ReverseXdw.vcxproj", "{75679132-A0CF-49F8-BB33-A73C4083E84F}"
EndProject
Global
	GlobalSection(SolutionConfigurationPlatforms) = preSolution
		Debug|Win32 = Debug|Win32
		Release|Win32 = Release|Win32
	EndGlobalSection
	GlobalSection(ProjectConfigurationPlatforms) = postSolution
		{75679132-A0CF-49F8-BB33-A73C4083E84F}.Debug|Win32.ActiveCfg = Debug|Win32
		{75679132-A0CF-49F8-BB33-A73C4083E84F}.Debug|Win32.Build.0 = Debug|Win32
		{75679132-A0CF-49F8-BB33-A73C4083E84F}.Release|Win32.ActiveCfg = Release|Win32
		{75679132-A0CF-49F8-BB33-A73C4083E84F}.Release|Win32.Build.0 = Release|Win32
	EndGlobalSection
	GlobalSection(SolutionProperties) = preSolution
		HideSolutionNode = FALSE
	EndGlobalSection
EndGlobal
